Microsoft Visual Studio Solution File, Format Version 11.00
# Visual Studio 2008

Project("{4BDDE53B-0B3F-8B12-6CFF-05BF5288851F}") = "physical-world", "Assembly-CSharp.csproj", "{E6D92F72-D1B0-4D6F-2658-AC30E9D00529}"
EndProject
Global
	GlobalSection(SolutionConfigurationPlatforms) = preSolution
		Debug|Any CPU = Debug|Any CPU
		Release|Any CPU = Release|Any CPU
	EndGlobalSection
	GlobalSection(ProjectConfigurationPlatforms) = postSolution
		{E6D92F72-D1B0-4D6F-2658-AC30E9D00529}.Debug|Any CPU.ActiveCfg = Debug|Any CPU
		{E6D92F72-D1B0-4D6F-2658-AC30E9D00529}.Debug|Any CPU.Build.0 = Debug|Any CPU
		{E6D92F72-D1B0-4D6F-2658-AC30E9D00529}.Release|Any CPU.ActiveCfg = Release|Any CPU
		{E6D92F72-D1B0-4D6F-2658-AC30E9D00529}.Release|Any CPU.Build.0 = Release|Any CPU
	EndGlobalSection
	GlobalSection(SolutionProperties) = preSolution
		HideSolutionNode = FALSE
	EndGlobalSection
	GlobalSection(MonoDevelopProperties) = preSolution
		StartupItem = Assembly-CSharp.csproj
	EndGlobalSection
EndGlobal
