Microsoft Visual Studio Solution File, Format Version 11.00
# Visual Studio 2008

Project("{DFF04282-6597-5604-7404-1C9875E8DAF2}") = "Spinning world", "Assembly-CSharp.csproj", "{1D42829D-6FCC-E921-D405-E274CF620AD7}"
EndProject
Global
	GlobalSection(SolutionConfigurationPlatforms) = preSolution
		Debug|Any CPU = Debug|Any CPU
		Release|Any CPU = Release|Any CPU
	EndGlobalSection
	GlobalSection(ProjectConfigurationPlatforms) = postSolution
		{1D42829D-6FCC-E921-D405-E274CF620AD7}.Debug|Any CPU.ActiveCfg = Debug|Any CPU
		{1D42829D-6FCC-E921-D405-E274CF620AD7}.Debug|Any CPU.Build.0 = Debug|Any CPU
		{1D42829D-6FCC-E921-D405-E274CF620AD7}.Release|Any CPU.ActiveCfg = Release|Any CPU
		{1D42829D-6FCC-E921-D405-E274CF620AD7}.Release|Any CPU.Build.0 = Release|Any CPU
	EndGlobalSection
	GlobalSection(SolutionProperties) = preSolution
		HideSolutionNode = FALSE
	EndGlobalSection
	GlobalSection(MonoDevelopProperties) = preSolution
		StartupItem = Assembly-CSharp.csproj
	EndGlobalSection
EndGlobal
